{
  "name": "PlumbingScheduler",
  "lockfileVersion": 3,
  "requires": true,
  "packages": {
    "": {
      "dependencies": {
        "@devexpress/dx-react-core": "^4.0.5",
        "@devexpress/dx-react-scheduler": "^4.0.5"
      }
    },
    "node_modules/@devexpress/dx-core": {
      "version": "4.0.5",
      "resolved": "https://registry.npmjs.org/@devexpress/dx-core/-/dx-core-4.0.5.tgz",
      "integrity": "sha512-z/d4rRSDxZKGRW/24ncvIqj1ba6Jyjv08pipqY1xTsQCDiZJwSGlSrY02Al9tQ5tF0u4kWMGo3khh/ml/cKR9g=="
    },
    "node_modules/@devexpress/dx-react-core": {
      "version": "4.0.5",
      "resolved": "https://registry.npmjs.org/@devexpress/dx-react-core/-/dx-react-core-4.0.5.tgz",
      "integrity": "sha512-gaYUhmR65PeuWR/E+tpyHwCVIbdAeVJwiXu+ly9h6YdEcOKaLjOO52lWut3VBW7WhQCsCGq59gezmBVeNAv5oQ==",
      "dependencies": {
        "@devexpress/dx-core": "4.0.5",
        "prop-types": "^15.7.2"
      },
      "peerDependencies": {
        "react": ">=17.0.2",
        "react-dom": ">=17.0.2"
      }
    },
    "node_modules/@devexpress/dx-react-scheduler": {
      "version": "4.0.5",
      "resolved": "https://registry.npmjs.org/@devexpress/dx-react-scheduler/-/dx-react-scheduler-4.0.5.tgz",
      "integrity": "sha512-JllbcA0Mll+AKjIXr9Gn7Mm6DkWib7CbkUPZ6UPON28KjMGxxkQU65PCEa1VFIBqYBfYC1ulgjnj5jrxKLwKRg==",
      "dependencies": {
        "@devexpress/dx-scheduler-core": "4.0.5"
      },
      "peerDependencies": {
        "@devexpress/dx-core": "4.0.5",
        "@devexpress/dx-react-core": "4.0.5",
        "moment": "^2.24.0",
        "react": ">=17.0.2",
        "react-dom": ">=17.0.2"
      }
    },
    "node_modules/@devexpress/dx-scheduler-core": {
      "version": "4.0.5",
      "resolved": "https://registry.npmjs.org/@devexpress/dx-scheduler-core/-/dx-scheduler-core-4.0.5.tgz",
      "integrity": "sha512-quMQcF9sAlGKJ+08QLmTzpWivB/pmuJtMvsz4pasM3HZOAw4gdDgmMerrxXYgbmDAp9YkH9Pxvs4iw5oAv7Bbw==",
      "dependencies": {
        "moment": "^2.24.0",
        "rrule": "2.7.1"
      },
      "peerDependencies": {
        "@devexpress/dx-core": "4.0.5"
      }
    },
    "node_modules/js-tokens": {
      "version": "4.0.0",
      "resolved": "https://registry.npmjs.org/js-tokens/-/js-tokens-4.0.0.tgz",
      "integrity": "sha512-RdJUflcE3cUzKiMqQgsCu06FPu9UdIJO0beYbPhHN4k6apgJtifcoCtT9bcxOpYBtpD2kCM6Sbzg4CausW/PKQ=="
    },
    "node_modules/loose-envify": {
      "version": "1.4.0",
      "resolved": "https://registry.npmjs.org/loose-envify/-/loose-envify-1.4.0.tgz",
      "integrity": "sha512-lyuxPGr/Wfhrlem2CL/UcnUc1zcqKAImBDzukY7Y5F/yQiNdko6+fRLevlw1HgMySw7f611UIY408EtxRSoK3Q==",
      "dependencies": {
        "js-tokens": "^3.0.0 || ^4.0.0"
      },
      "bin": {
        "loose-envify": "cli.js"
      }
    },
    "node_modules/moment": {
      "version": "2.29.4",
      "resolved": "https://registry.npmjs.org/moment/-/moment-2.29.4.tgz",
      "integrity": "sha512-5LC9SOxjSc2HF6vO2CyuTDNivEdoz2IvyJJGj6X8DJ0eFyfszE0QiEd+iXmBvUP3WHxSjFH/vIsA0EN00cgr8w==",
      "engines": {
        "node": "*"
      }
    },
    "node_modules/object-assign": {
      "version": "4.1.1",
      "resolved": "https://registry.npmjs.org/object-assign/-/object-assign-4.1.1.tgz",
      "integrity": "sha512-rJgTQnkUnH1sFw8yT6VSU3zD3sWmu6sZhIseY8VX+GRu3P6F7Fu+JNDoXfklElbLJSnc3FUQHVe4cU5hj+BcUg==",
      "engines": {
        "node": ">=0.10.0"
      }
    },
    "node_modules/prop-types": {
      "version": "15.8.1",
      "resolved": "https://registry.npmjs.org/prop-types/-/prop-types-15.8.1.tgz",
      "integrity": "sha512-oj87CgZICdulUohogVAR7AjlC0327U4el4L6eAvOqCeudMDVU0NThNaV+b9Df4dXgSP1gXMTnPdhfe/2qDH5cg==",
      "dependencies": {
        "loose-envify": "^1.4.0",
        "object-assign": "^4.1.1",
        "react-is": "^16.13.1"
      }
    },
    "node_modules/react": {
      "version": "18.2.0",
      "resolved": "https://registry.npmjs.org/react/-/react-18.2.0.tgz",
      "integrity": "sha512-/3IjMdb2L9QbBdWiW5e3P2/npwMBaU9mHCSCUzNln0ZCYbcfTsGbTJrU/kGemdH2IWmB2ioZ+zkxtmq6g09fGQ==",
      "peer": true,
      "dependencies": {
        "loose-envify": "^1.1.0"
      },
      "engines": {
        "node": ">=0.10.0"
      }
    },
    "node_modules/react-dom": {
      "version": "18.2.0",
      "resolved": "https://registry.npmjs.org/react-dom/-/react-dom-18.2.0.tgz",
      "integrity": "sha512-6IMTriUmvsjHUjNtEDudZfuDQUoWXVxKHhlEGSk81n4YFS+r/Kl99wXiwlVXtPBtJenozv2P+hxDsw9eA7Xo6g==",
      "peer": true,
      "dependencies": {
        "loose-envify": "^1.1.0",
        "scheduler": "^0.23.0"
      },
      "peerDependencies": {
        "react": "^18.2.0"
      }
    },
    "node_modules/react-is": {
      "version": "16.13.1",
      "resolved": "https://registry.npmjs.org/react-is/-/react-is-16.13.1.tgz",
      "integrity": "sha512-24e6ynE2H+OKt4kqsOvNd8kBpV65zoxbA4BVsEOB3ARVWQki/DHzaUoC5KuON/BiccDaCCTZBuOcfZs70kR8bQ=="
    },
    "node_modules/rrule": {
      "version": "2.7.1",
      "resolved": "https://registry.npmjs.org/rrule/-/rrule-2.7.1.tgz",
      "integrity": "sha512-4p20u/1U7WqR3Nb1hOUrm0u1nSI7sO93ZUVZEZ5HeF6Gr5OlJuyhwEGRvUHq8ZfrPsq5gfa5b9dqnUs/kPqpIw==",
      "dependencies": {
        "tslib": "^2.4.0"
      }
    },
    "node_modules/scheduler": {
      "version": "0.23.0",
      "resolved": "https://registry.npmjs.org/scheduler/-/scheduler-0.23.0.tgz",
      "integrity": "sha512-CtuThmgHNg7zIZWAXi3AsyIzA3n4xx7aNyjwC2VJldO2LMVDhFK+63xGqq6CsJH4rTAt6/M+N4GhZiDYPx9eUw==",
      "peer": true,
      "dependencies": {
        "loose-envify": "^1.1.0"
      }
    },
    "node_modules/tslib": {
      "version": "2.6.2",
      "resolved": "https://registry.npmjs.org/tslib/-/tslib-2.6.2.tgz",
      "integrity": "sha512-AEYxH93jGFPn/a2iVAwW87VuUIkR1FVUKB77NwMF7nBTDkDrrT/Hpt/IrCJ0QXhW27jTBDcf5ZY7w6RiqTMw2Q=="
    }
  }
}
